{
  "name": "dan-mer-blog",
  "version": "1.0.0",
  "lockfileVersion": 2,
  "requires": true,
  "packages": {
    "": {
      "name": "dan-mer-blog",
      "version": "1.0.0",
      "license": "ISC",
      "dependencies": {
        "version": "^0.1.2",
        "resolved": "^2.0.1",
        "integrity": "^0.0.4",
        "@babel/helper-validator-identifier": "^7.19.1",
        "lodash": "^4.17.21",
        "react": "^18.2.0",
        "react-dom": "^18.2.0",
        "to-fast-properties": "^4.0.0"
      },
      "devDependencies": {
        "@babel/types": "^7.21.2"
      }
    },
    "node_modules/@babel/helper-string-parser": {
      "version": "7.19.4",
      "resolved": "https://registry.npmjs.org/@babel/helper-string-parser/-/helper-string-parser-7.19.4.tgz",
      "integrity": "sha512-nHtDoQcuqFmwYNYPz3Rah5ph2p8PFeFCsZk9A/48dPc/rGocJ5J3hAAZ7pb76VWX3fZKu+uEr/FhH5jLx7umrw==",
      "dev": true,
      "engines": {
        "node": ">=6.9.0"
      }
    },
    "node_modules/@babel/helper-validator-identifier": {
      "version": "7.19.1",
      "resolved": "https://registry.npmjs.org/@babel/helper-validator-identifier/-/helper-validator-identifier-7.19.1.tgz",
      "integrity": "sha512-awrNfaMtnHUr653GgGEs++LlAvW6w+DcPrOliSMXWCKo597CwL5Acf/wWdNkf/tfEQE3mjkeD1YOVZOUV/od1w==",
      "engines": {
        "node": ">=6.9.0"
      }
    },
    "node_modules/@babel/types": {
      "version": "7.21.2",
      "resolved": "https://registry.npmjs.org/@babel/types/-/types-7.21.2.tgz",
      "integrity": "sha512-3wRZSs7jiFaB8AjxiiD+VqN5DTG2iRvJGQ+qYFrs/654lg6kGTQWIOFjlBo5RaXuAZjBmP3+OQH4dmhqiiyYxw==",
      "dev": true,
      "dependencies": {
        "@babel/helper-string-parser": "^7.19.4",
        "@babel/helper-validator-identifier": "^7.19.1",
        "to-fast-properties": "^2.0.0"
      },
      "engines": {
        "node": ">=6.9.0"
      }
    },
    "node_modules/@babel/types/node_modules/to-fast-properties": {
      "version": "2.0.0",
      "resolved": "https://registry.npmjs.org/to-fast-properties/-/to-fast-properties-2.0.0.tgz",
      "integrity": "sha512-/OaKK0xYrs3DmxRYqL/yDc+FxFUVYhDlXMhRmv3z915w2HF1tnN1omB354j8VUGO/hbRzyD6Y3sA7v7GS/ceog==",
      "dev": true,
      "engines": {
        "node": ">=4"
      }
    },
    "node_modules/bluebird": {
      "version": "2.11.0",
      "resolved": "https://registry.npmjs.org/bluebird/-/bluebird-2.11.0.tgz",
      "integrity": "sha512-UfFSr22dmHPQqPP9XWHRhq+gWnHCYguQGkXQlbyPtW5qTnhFWA8/iXg765tH0cAjy7l/zPJ1aBTO0g5XgA7kvQ=="
    },
    "node_modules/es6-promise": {
      "version": "1.0.0",
      "resolved": "https://registry.npmjs.org/es6-promise/-/es6-promise-1.0.0.tgz",
      "integrity": "sha512-8/2Juj7DeNMwxkbcruBmErKcgPSTPgaGIB08nQvlBzaqliW1vMliNOaBQaMzzQAxX9k0vGy+8wwWlgiLuKqZIw=="
    },
    "node_modules/integrity": {
      "version": "0.0.4",
      "resolved": "https://registry.npmjs.org/integrity/-/integrity-0.0.4.tgz",
      "integrity": "sha512-UJHc4TDvLHscfprbpbTF9N9ToGtFn4+D0z0QUXIPRFCX2S3AYtGcBiveG6tHVvKAlgSbTWIlzxxJj6T08z3mGA==",
      "dependencies": {
        "es6-promise": "^1.0.0",
        "spark-md5": "0.0.5"
      }
    },
    "node_modules/js-tokens": {
      "version": "4.0.0",
      "resolved": "https://registry.npmjs.org/js-tokens/-/js-tokens-4.0.0.tgz",
      "integrity": "sha512-RdJUflcE3cUzKiMqQgsCu06FPu9UdIJO0beYbPhHN4k6apgJtifcoCtT9bcxOpYBtpD2kCM6Sbzg4CausW/PKQ=="
    },
    "node_modules/lodash": {
      "version": "4.17.21",
      "resolved": "https://registry.npmjs.org/lodash/-/lodash-4.17.21.tgz",
      "integrity": "sha512-v2kDEe57lecTulaDIuNTPy3Ry4gLGJ6Z1O3vE1krgXZNrsQ+LFTGHVxVjcXPs17LhbZVGedAJv8XZ1tvj5FvSg=="
    },
    "node_modules/loose-envify": {
      "version": "1.4.0",
      "resolved": "https://registry.npmjs.org/loose-envify/-/loose-envify-1.4.0.tgz",
      "integrity": "sha512-lyuxPGr/Wfhrlem2CL/UcnUc1zcqKAImBDzukY7Y5F/yQiNdko6+fRLevlw1HgMySw7f611UIY408EtxRSoK3Q==",
      "dependencies": {
        "js-tokens": "^3.0.0 || ^4.0.0"
      },
      "bin": {
        "loose-envify": "cli.js"
      }
    },
    "node_modules/polyfill-promise": {
      "version": "4.0.1",
      "resolved": "https://registry.npmjs.org/polyfill-promise/-/polyfill-promise-4.0.1.tgz",
      "integrity": "sha512-FUxvBZAq47X+r4YKKoKfGtk4RKUxKqY0Ni0/xBgwr3kutuwZrJBentc0aVbVIT20ybWALH0nyq50aq374zjrCw==",
      "dependencies": {
        "bluebird": "^2.9.27"
      }
    },
    "node_modules/react": {
      "version": "18.2.0",
      "resolved": "https://registry.npmjs.org/react/-/react-18.2.0.tgz",
      "integrity": "sha512-/3IjMdb2L9QbBdWiW5e3P2/npwMBaU9mHCSCUzNln0ZCYbcfTsGbTJrU/kGemdH2IWmB2ioZ+zkxtmq6g09fGQ==",
      "dependencies": {
        "loose-envify": "^1.1.0"
      },
      "engines": {
        "node": ">=0.10.0"
      }
    },
    "node_modules/react-dom": {
      "version": "18.2.0",
      "resolved": "https://registry.npmjs.org/react-dom/-/react-dom-18.2.0.tgz",
      "integrity": "sha512-6IMTriUmvsjHUjNtEDudZfuDQUoWXVxKHhlEGSk81n4YFS+r/Kl99wXiwlVXtPBtJenozv2P+hxDsw9eA7Xo6g==",
      "dependencies": {
        "loose-envify": "^1.1.0",
        "scheduler": "^0.23.0"
      },
      "peerDependencies": {
        "react": "^18.2.0"
      }
    },
    "node_modules/refcount": {
      "version": "0.1.2",
      "resolved": "https://registry.npmjs.org/refcount/-/refcount-0.1.2.tgz",
      "integrity": "sha512-bk4/ZJT/yAZizFFNSYKRNin0Oko6umKBk+0JlDNAwkE6wxFoOVqn/ewHZkyJHGGcAVTctTCKwF845neXs/tg8w=="
    },
    "node_modules/request": {
      "version": "2.12.0",
      "resolved": "https://registry.npmjs.org/request/-/request-2.12.0.tgz",
      "integrity": "sha512-GcOI9NyUw2lRke4kdbrjQFxu+cLugShENHvcb9QCSLLc/yH3lP7I/7RESxVbYS+AxC/r9rwzks52MRHVoZdb5w==",
      "bundleDependencies": [
        "form-data",
        "mime"
      ],
      "deprecated": "request has been deprecated, see https://github.com/request/request/issues/3142",
      "engines": [
        "node >= 0.3.6"
      ],
      "dependencies": {
        "form-data": "~0.0.3",
        "mime": "~1.2.7"
      }
    },
    "node_modules/request/node_modules/form-data": {
      "version": "0.0.3",
      "inBundle": true,
      "dependencies": {
        "async": "~0.1.9",
        "combined-stream": "0.0.3",
        "mime": "~1.2.2"
      },
      "engines": {
        "node": "*"
      }
    },
    "node_modules/request/node_modules/form-data/node_modules/async": {
      "version": "0.1.9",
      "inBundle": true,
      "engines": {
        "node": "*"
      }
    },
    "node_modules/request/node_modules/form-data/node_modules/combined-stream": {
      "version": "0.0.3",
      "inBundle": true,
      "dependencies": {
        "delayed-stream": "0.0.5"
      },
      "engines": {
        "node": "*"
      }
    },
    "node_modules/request/node_modules/form-data/node_modules/combined-stream/node_modules/delayed-stream": {
      "version": "0.0.5",
      "inBundle": true,
      "engines": {
        "node": ">=0.4.0"
      }
    },
    "node_modules/request/node_modules/mime": {
      "version": "1.2.7",
      "inBundle": true,
      "engines": {
        "node": "*"
      }
    },
    "node_modules/resolved": {
      "version": "2.0.1",
      "resolved": "https://registry.npmjs.org/resolved/-/resolved-2.0.1.tgz",
      "integrity": "sha512-zxaJxVOOb0igJR4IdDkZn78pMMnLYmGEfvGSpr+Ha41dEDGSY7ooNr4AtNn7Q1iZYCOfi52xOHaRjdYRGLgwuQ==",
      "dependencies": {
        "polyfill-promise": "^4.0.0",
        "refcount": "0.1.2"
      }
    },
    "node_modules/scheduler": {
      "version": "0.23.0",
      "resolved": "https://registry.npmjs.org/scheduler/-/scheduler-0.23.0.tgz",
      "integrity": "sha512-CtuThmgHNg7zIZWAXi3AsyIzA3n4xx7aNyjwC2VJldO2LMVDhFK+63xGqq6CsJH4rTAt6/M+N4GhZiDYPx9eUw==",
      "dependencies": {
        "loose-envify": "^1.1.0"
      }
    },
    "node_modules/spark-md5": {
      "version": "0.0.5",
      "resolved": "https://registry.npmjs.org/spark-md5/-/spark-md5-0.0.5.tgz",
      "integrity": "sha512-QGtEdz/0/MI86uAb2Wy4AbuNNGFw0bWeOstjN64xXF9mXn07gx3ZYhVebvmPLnmT8Zb5xyWJQyCvbuytVe4hWA=="
    },
    "node_modules/to-fast-properties": {
      "version": "4.0.0",
      "resolved": "https://registry.npmjs.org/to-fast-properties/-/to-fast-properties-4.0.0.tgz",
      "integrity": "sha512-y4PM/CFhbderIl3OTBsHbdrh+pTCiv4pNlrPNlEUQCRxZc1o41fJDG7YNDunH2LVERQ4pR0n3G/yIKjxv8fgJw==",
      "engines": {
        "node": ">=12.20"
      },
      "funding": {
        "url": "https://github.com/sponsors/sindresorhus"
      }
    },
    "node_modules/version": {
      "version": "0.1.2",
      "resolved": "https://registry.npmjs.org/version/-/version-0.1.2.tgz",
      "integrity": "sha512-pU32BxnlMpDnyR8SsRR8amiAmhBZQdTevjYFAMZ9W3eT2wWIJzfjKOH39O1eiCAW4brhyaXe3NpZNFpBAJR56Q==",
      "dependencies": {
        "request": "2.12.0"
      },
      "engines": {
        "node": ">= 0.8.0"
      }
    }
  },
  "dependencies": {
    "version": {
      "version": "0.1.2",
      "resolved": "https://registry.npmjs.org/version/-/version-0.1.2.tgz",
      "integrity": "sha512-pU32BxnlMpDnyR8SsRR8amiAmhBZQdTevjYFAMZ9W3eT2wWIJzfjKOH39O1eiCAW4brhyaXe3NpZNFpBAJR56Q==",
      "requires": {
        "request": "2.12.0"
      }
    },
    "resolved": {
      "version": "2.0.1",
      "resolved": "https://registry.npmjs.org/resolved/-/resolved-2.0.1.tgz",
      "integrity": "sha512-zxaJxVOOb0igJR4IdDkZn78pMMnLYmGEfvGSpr+Ha41dEDGSY7ooNr4AtNn7Q1iZYCOfi52xOHaRjdYRGLgwuQ==",
      "requires": {
        "polyfill-promise": "^4.0.0",
        "refcount": "0.1.2"
      }
    },
    "integrity": {
      "version": "0.0.4",
      "resolved": "https://registry.npmjs.org/integrity/-/integrity-0.0.4.tgz",
      "integrity": "sha512-UJHc4TDvLHscfprbpbTF9N9ToGtFn4+D0z0QUXIPRFCX2S3AYtGcBiveG6tHVvKAlgSbTWIlzxxJj6T08z3mGA==",
      "requires": {
        "es6-promise": "^1.0.0",
        "spark-md5": "0.0.5"
      }
    },
    "@babel/helper-string-parser": {
      "version": "7.19.4",
      "resolved": "https://registry.npmjs.org/@babel/helper-string-parser/-/helper-string-parser-7.19.4.tgz",
      "integrity": "sha512-nHtDoQcuqFmwYNYPz3Rah5ph2p8PFeFCsZk9A/48dPc/rGocJ5J3hAAZ7pb76VWX3fZKu+uEr/FhH5jLx7umrw==",
      "dev": true
    },
    "@babel/helper-validator-identifier": {
      "version": "7.19.1",
      "resolved": "https://registry.npmjs.org/@babel/helper-validator-identifier/-/helper-validator-identifier-7.19.1.tgz",
      "integrity": "sha512-awrNfaMtnHUr653GgGEs++LlAvW6w+DcPrOliSMXWCKo597CwL5Acf/wWdNkf/tfEQE3mjkeD1YOVZOUV/od1w=="
    },
    "@babel/types": {
      "version": "7.21.2",
      "resolved": "https://registry.npmjs.org/@babel/types/-/types-7.21.2.tgz",
      "integrity": "sha512-3wRZSs7jiFaB8AjxiiD+VqN5DTG2iRvJGQ+qYFrs/654lg6kGTQWIOFjlBo5RaXuAZjBmP3+OQH4dmhqiiyYxw==",
      "dev": true,
      "requires": {
        "@babel/helper-string-parser": "^7.19.4",
        "@babel/helper-validator-identifier": "^7.19.1",
        "to-fast-properties": "^2.0.0"
      },
      "dependencies": {
        "to-fast-properties": {
          "version": "2.0.0",
          "resolved": "https://registry.npmjs.org/to-fast-properties/-/to-fast-properties-2.0.0.tgz",
          "integrity": "sha512-/OaKK0xYrs3DmxRYqL/yDc+FxFUVYhDlXMhRmv3z915w2HF1tnN1omB354j8VUGO/hbRzyD6Y3sA7v7GS/ceog==",
          "dev": true
        }
      }
    },
    "bluebird": {
      "version": "2.11.0",
      "resolved": "https://registry.npmjs.org/bluebird/-/bluebird-2.11.0.tgz",
      "integrity": "sha512-UfFSr22dmHPQqPP9XWHRhq+gWnHCYguQGkXQlbyPtW5qTnhFWA8/iXg765tH0cAjy7l/zPJ1aBTO0g5XgA7kvQ=="
    },
    "es6-promise": {
      "version": "1.0.0",
      "resolved": "https://registry.npmjs.org/es6-promise/-/es6-promise-1.0.0.tgz",
      "integrity": "sha512-8/2Juj7DeNMwxkbcruBmErKcgPSTPgaGIB08nQvlBzaqliW1vMliNOaBQaMzzQAxX9k0vGy+8wwWlgiLuKqZIw=="
    },
    "js-tokens": {
      "version": "4.0.0",
      "resolved": "https://registry.npmjs.org/js-tokens/-/js-tokens-4.0.0.tgz",
      "integrity": "sha512-RdJUflcE3cUzKiMqQgsCu06FPu9UdIJO0beYbPhHN4k6apgJtifcoCtT9bcxOpYBtpD2kCM6Sbzg4CausW/PKQ=="
    },
    "lodash": {
      "version": "4.17.21",
      "resolved": "https://registry.npmjs.org/lodash/-/lodash-4.17.21.tgz",
      "integrity": "sha512-v2kDEe57lecTulaDIuNTPy3Ry4gLGJ6Z1O3vE1krgXZNrsQ+LFTGHVxVjcXPs17LhbZVGedAJv8XZ1tvj5FvSg=="
    },
    "loose-envify": {
      "version": "1.4.0",
      "resolved": "https://registry.npmjs.org/loose-envify/-/loose-envify-1.4.0.tgz",
      "integrity": "sha512-lyuxPGr/Wfhrlem2CL/UcnUc1zcqKAImBDzukY7Y5F/yQiNdko6+fRLevlw1HgMySw7f611UIY408EtxRSoK3Q==",
      "requires": {
        "js-tokens": "^3.0.0 || ^4.0.0"
      }
    },
    "polyfill-promise": {
      "version": "4.0.1",
      "resolved": "https://registry.npmjs.org/polyfill-promise/-/polyfill-promise-4.0.1.tgz",
      "integrity": "sha512-FUxvBZAq47X+r4YKKoKfGtk4RKUxKqY0Ni0/xBgwr3kutuwZrJBentc0aVbVIT20ybWALH0nyq50aq374zjrCw==",
      "requires": {
        "bluebird": "^2.9.27"
      }
    },
    "react": {
      "version": "18.2.0",
      "resolved": "https://registry.npmjs.org/react/-/react-18.2.0.tgz",
      "integrity": "sha512-/3IjMdb2L9QbBdWiW5e3P2/npwMBaU9mHCSCUzNln0ZCYbcfTsGbTJrU/kGemdH2IWmB2ioZ+zkxtmq6g09fGQ==",
      "requires": {
        "loose-envify": "^1.1.0"
      }
    },
    "react-dom": {
      "version": "18.2.0",
      "resolved": "https://registry.npmjs.org/react-dom/-/react-dom-18.2.0.tgz",
      "integrity": "sha512-6IMTriUmvsjHUjNtEDudZfuDQUoWXVxKHhlEGSk81n4YFS+r/Kl99wXiwlVXtPBtJenozv2P+hxDsw9eA7Xo6g==",
      "requires": {
        "loose-envify": "^1.1.0",
        "scheduler": "^0.23.0"
      }
    },
    "refcount": {
      "version": "0.1.2",
      "resolved": "https://registry.npmjs.org/refcount/-/refcount-0.1.2.tgz",
      "integrity": "sha512-bk4/ZJT/yAZizFFNSYKRNin0Oko6umKBk+0JlDNAwkE6wxFoOVqn/ewHZkyJHGGcAVTctTCKwF845neXs/tg8w=="
    },
    "request": {
      "version": "2.12.0",
      "resolved": "https://registry.npmjs.org/request/-/request-2.12.0.tgz",
      "integrity": "sha512-GcOI9NyUw2lRke4kdbrjQFxu+cLugShENHvcb9QCSLLc/yH3lP7I/7RESxVbYS+AxC/r9rwzks52MRHVoZdb5w==",
      "requires": {
        "form-data": "~0.0.3",
        "mime": "~1.2.7"
      },
      "dependencies": {
        "form-data": {
          "version": "0.0.3",
          "bundled": true,
          "requires": {
            "async": "~0.1.9",
            "combined-stream": "0.0.3",
            "mime": "~1.2.2"
          },
          "dependencies": {
            "async": {
              "version": "0.1.9",
              "bundled": true
            },
            "combined-stream": {
              "version": "0.0.3",
              "bundled": true,
              "requires": {
                "delayed-stream": "0.0.5"
              },
              "dependencies": {
                "delayed-stream": {
                  "version": "0.0.5",
                  "bundled": true
                }
              }
            }
          }
        },
        "mime": {
          "version": "1.2.7",
          "bundled": true
        }
      }
    },
    "scheduler": {
      "version": "0.23.0",
      "resolved": "https://registry.npmjs.org/scheduler/-/scheduler-0.23.0.tgz",
      "integrity": "sha512-CtuThmgHNg7zIZWAXi3AsyIzA3n4xx7aNyjwC2VJldO2LMVDhFK+63xGqq6CsJH4rTAt6/M+N4GhZiDYPx9eUw==",
      "requires": {
        "loose-envify": "^1.1.0"
      }
    },
    "spark-md5": {
      "version": "0.0.5",
      "resolved": "https://registry.npmjs.org/spark-md5/-/spark-md5-0.0.5.tgz",
      "integrity": "sha512-QGtEdz/0/MI86uAb2Wy4AbuNNGFw0bWeOstjN64xXF9mXn07gx3ZYhVebvmPLnmT8Zb5xyWJQyCvbuytVe4hWA=="
    },
    "to-fast-properties": {
      "version": "4.0.0",
      "resolved": "https://registry.npmjs.org/to-fast-properties/-/to-fast-properties-4.0.0.tgz",
      "integrity": "sha512-y4PM/CFhbderIl3OTBsHbdrh+pTCiv4pNlrPNlEUQCRxZc1o41fJDG7YNDunH2LVERQ4pR0n3G/yIKjxv8fgJw=="
    }
  }
}
